
Microsoft Visual Studio Solution File, Format Version 12.00
# Visual Studio 15
VisualStudioVersion = 15.0.26430.14
MinimumVisualStudioVersion = 10.0.40219.1
Project("{FAE04EC0-301F-11D3-BF4B-00C04F79EFBC}") = "RenemeTool", "RenemeTool\RenemeTool.csproj", "{06A4D9C9-7B0E-4E92-92A2-BE66929525EC}"
EndProject
Project("{FAE04EC0-301F-11D3-BF4B-00C04F79EFBC}") = "Utility", "Utility\Utility.csproj", "{58E9035C-6311-411F-A23B-53B1F9FBAB9B}"
EndProject
Global
	GlobalSection(SolutionConfigurationPlatforms) = preSolution
		Debug|Any CPU = Debug|Any CPU
		Release|Any CPU = Release|Any CPU
	EndGlobalSection
	GlobalSection(ProjectConfigurationPlatforms) = postSolution
		{06A4D9C9-7B0E-4E92-92A2-BE66929525EC}.Debug|Any CPU.ActiveCfg = Debug|Any CPU
		{06A4D9C9-7B0E-4E92-92A2-BE66929525EC}.Debug|Any CPU.Build.0 = Debug|Any CPU
		{06A4D9C9-7B0E-4E92-92A2-BE66929525EC}.Release|Any CPU.ActiveCfg = Release|Any CPU
		{06A4D9C9-7B0E-4E92-92A2-BE66929525EC}.Release|Any CPU.Build.0 = Release|Any CPU
		{58E9035C-6311-411F-A23B-53B1F9FBAB9B}.Debug|Any CPU.ActiveCfg = Debug|Any CPU
		{58E9035C-6311-411F-A23B-53B1F9FBAB9B}.Debug|Any CPU.Build.0 = Debug|Any CPU
		{58E9035C-6311-411F-A23B-53B1F9FBAB9B}.Release|Any CPU.ActiveCfg = Release|Any CPU
		{58E9035C-6311-411F-A23B-53B1F9FBAB9B}.Release|Any CPU.Build.0 = Release|Any CPU
	EndGlobalSection
	GlobalSection(SolutionProperties) = preSolution
		HideSolutionNode = FALSE
	EndGlobalSection
EndGlobal
